// !$*UTF8*$!
{
	archiveVersion = 1;
	classes = {
	};
	objectVersion = 45;
	objects = {

/* Begin PBXBuildFile section */
		AA747D9F0F9514B9006C5449 /* PanoramaGL_Prefix.pch in Headers */ = {isa = PBXBuildFile; fileRef = AA747D9E0F9514B9006C5449 /* PanoramaGL_Prefix.pch */; };
		AACBBE4A0F95108600F1A2B1 /* Foundation.framework in Frameworks */ = {isa = PBXBuildFile; fileRef = AACBBE490F95108600F1A2B1 /* Foundation.framework */; };
		C3966CD3117BBE0F007315C6 /* PLViewDelegate.h in Headers */ = {isa = PBXBuildFile; fileRef = C3966CD2117BBE0F007315C6 /* PLViewDelegate.h */; };
		C3F1D703112E0209009C9375 /* glu.h in Headers */ = {isa = PBXBuildFile; fileRef = C3F1D6F7112E0209009C9375 /* glu.h */; };
		C3F1D704112E0209009C9375 /* glues_error.c in Sources */ = {isa = PBXBuildFile; fileRef = C3F1D6F8112E0209009C9375 /* glues_error.c */; };
		C3F1D705112E0209009C9375 /* glues_error.h in Headers */ = {isa = PBXBuildFile; fileRef = C3F1D6F9112E0209009C9375 /* glues_error.h */; };
		C3F1D706112E0209009C9375 /* glues_mipmap.c in Sources */ = {isa = PBXBuildFile; fileRef = C3F1D6FA112E0209009C9375 /* glues_mipmap.c */; };
		C3F1D707112E0209009C9375 /* glues_mipmap.h in Headers */ = {isa = PBXBuildFile; fileRef = C3F1D6FB112E0209009C9375 /* glues_mipmap.h */; };
		C3F1D708112E0209009C9375 /* glues_project.c in Sources */ = {isa = PBXBuildFile; fileRef = C3F1D6FC112E0209009C9375 /* glues_project.c */; };
		C3F1D709112E0209009C9375 /* glues_project.h in Headers */ = {isa = PBXBuildFile; fileRef = C3F1D6FD112E0209009C9375 /* glues_project.h */; };
		C3F1D70A112E0209009C9375 /* glues_quad.c in Sources */ = {isa = PBXBuildFile; fileRef = C3F1D6FE112E0209009C9375 /* glues_quad.c */; };
		C3F1D70B112E0209009C9375 /* glues_quad.h in Headers */ = {isa = PBXBuildFile; fileRef = C3F1D6FF112E0209009C9375 /* glues_quad.h */; };
		C3F1D70C112E0209009C9375 /* glues_registry.c in Sources */ = {isa = PBXBuildFile; fileRef = C3F1D700112E0209009C9375 /* glues_registry.c */; };
		C3F1D70D112E0209009C9375 /* glues_registry.h in Headers */ = {isa = PBXBuildFile; fileRef = C3F1D701112E0209009C9375 /* glues_registry.h */; };
		C3F1D70E112E0209009C9375 /* glues.h in Headers */ = {isa = PBXBuildFile; fileRef = C3F1D702112E0209009C9375 /* glues.h */; };
		C3F1D72A112E0226009C9375 /* dict-list.h in Headers */ = {isa = PBXBuildFile; fileRef = C3F1D711112E0226009C9375 /* dict-list.h */; };
		C3F1D72B112E0226009C9375 /* dict.c in Sources */ = {isa = PBXBuildFile; fileRef = C3F1D712112E0226009C9375 /* dict.c */; };
		C3F1D72C112E0226009C9375 /* dict.h in Headers */ = {isa = PBXBuildFile; fileRef = C3F1D713112E0226009C9375 /* dict.h */; };
		C3F1D72D112E0226009C9375 /* geom.c in Sources */ = {isa = PBXBuildFile; fileRef = C3F1D714112E0226009C9375 /* geom.c */; };
		C3F1D72E112E0226009C9375 /* geom.h in Headers */ = {isa = PBXBuildFile; fileRef = C3F1D715112E0226009C9375 /* geom.h */; };
		C3F1D72F112E0226009C9375 /* memalloc.c in Sources */ = {isa = PBXBuildFile; fileRef = C3F1D716112E0226009C9375 /* memalloc.c */; };
		C3F1D730112E0226009C9375 /* memalloc.h in Headers */ = {isa = PBXBuildFile; fileRef = C3F1D717112E0226009C9375 /* memalloc.h */; };
		C3F1D731112E0226009C9375 /* mesh.c in Sources */ = {isa = PBXBuildFile; fileRef = C3F1D718112E0226009C9375 /* mesh.c */; };
		C3F1D732112E0226009C9375 /* mesh.h in Headers */ = {isa = PBXBuildFile; fileRef = C3F1D719112E0226009C9375 /* mesh.h */; };
		C3F1D733112E0226009C9375 /* normal.c in Sources */ = {isa = PBXBuildFile; fileRef = C3F1D71A112E0226009C9375 /* normal.c */; };
		C3F1D734112E0226009C9375 /* normal.h in Headers */ = {isa = PBXBuildFile; fileRef = C3F1D71B112E0226009C9375 /* normal.h */; };
		C3F1D735112E0226009C9375 /* priorityq-heap.h in Headers */ = {isa = PBXBuildFile; fileRef = C3F1D71C112E0226009C9375 /* priorityq-heap.h */; };
		C3F1D736112E0226009C9375 /* priorityq-heap.i in Sources */ = {isa = PBXBuildFile; fileRef = C3F1D71D112E0226009C9375 /* priorityq-heap.i */; };
		C3F1D737112E0226009C9375 /* priorityq-sort.h in Headers */ = {isa = PBXBuildFile; fileRef = C3F1D71E112E0226009C9375 /* priorityq-sort.h */; };
		C3F1D738112E0226009C9375 /* priorityq.c in Sources */ = {isa = PBXBuildFile; fileRef = C3F1D71F112E0226009C9375 /* priorityq.c */; };
		C3F1D739112E0226009C9375 /* priorityq.h in Headers */ = {isa = PBXBuildFile; fileRef = C3F1D720112E0226009C9375 /* priorityq.h */; };
		C3F1D73A112E0226009C9375 /* render.c in Sources */ = {isa = PBXBuildFile; fileRef = C3F1D722112E0226009C9375 /* render.c */; };
		C3F1D73B112E0226009C9375 /* render.h in Headers */ = {isa = PBXBuildFile; fileRef = C3F1D723112E0226009C9375 /* render.h */; };
		C3F1D73C112E0226009C9375 /* sweep.c in Sources */ = {isa = PBXBuildFile; fileRef = C3F1D724112E0226009C9375 /* sweep.c */; };
		C3F1D73D112E0226009C9375 /* sweep.h in Headers */ = {isa = PBXBuildFile; fileRef = C3F1D725112E0226009C9375 /* sweep.h */; };
		C3F1D73E112E0226009C9375 /* tess.c in Sources */ = {isa = PBXBuildFile; fileRef = C3F1D726112E0226009C9375 /* tess.c */; };
		C3F1D73F112E0226009C9375 /* tess.h in Headers */ = {isa = PBXBuildFile; fileRef = C3F1D727112E0226009C9375 /* tess.h */; };
		C3F1D740112E0226009C9375 /* tessmono.c in Sources */ = {isa = PBXBuildFile; fileRef = C3F1D728112E0226009C9375 /* tessmono.c */; };
		C3F1D741112E0226009C9375 /* tessmono.h in Headers */ = {isa = PBXBuildFile; fileRef = C3F1D729112E0226009C9375 /* tessmono.h */; };
		C3F1D7B7112E02EE009C9375 /* CoreGraphics.framework in Frameworks */ = {isa = PBXBuildFile; fileRef = C3F1D7B6112E02EE009C9375 /* CoreGraphics.framework */; };
		C3F1D7B9112E02EE009C9375 /* CoreLocation.framework in Frameworks */ = {isa = PBXBuildFile; fileRef = C3F1D7B8112E02EE009C9375 /* CoreLocation.framework */; };
		C3F1D7BA112E02EE009C9375 /* OpenGLES.framework in Frameworks */ = {isa = PBXBuildFile; fileRef = C3F1D787112E0263009C9375 /* OpenGLES.framework */; };
		C3F1D7BB112E02EE009C9375 /* QuartzCore.framework in Frameworks */ = {isa = PBXBuildFile; fileRef = C3F1D789112E026A009C9375 /* QuartzCore.framework */; };
		C3F1D7CE112E0324009C9375 /* UIKit.framework in Frameworks */ = {isa = PBXBuildFile; fileRef = C3F1D7CD112E0324009C9375 /* UIKit.framework */; };
		C3F1D954112E0C15009C9375 /* PLCamera.h in Headers */ = {isa = PBXBuildFile; fileRef = C3F1D935112E0C15009C9375 /* PLCamera.h */; };
		C3F1D955112E0C15009C9375 /* PLCamera.m in Sources */ = {isa = PBXBuildFile; fileRef = C3F1D936112E0C15009C9375 /* PLCamera.m */; };
		C3F1D956112E0C15009C9375 /* PLConstants.h in Headers */ = {isa = PBXBuildFile; fileRef = C3F1D937112E0C15009C9375 /* PLConstants.h */; };
		C3F1D957112E0C15009C9375 /* PLCube.h in Headers */ = {isa = PBXBuildFile; fileRef = C3F1D938112E0C15009C9375 /* PLCube.h */; };
		C3F1D958112E0C15009C9375 /* PLCube.m in Sources */ = {isa = PBXBuildFile; fileRef = C3F1D939112E0C15009C9375 /* PLCube.m */; };
		C3F1D959112E0C15009C9375 /* PLCylinder.h in Headers */ = {isa = PBXBuildFile; fileRef = C3F1D93A112E0C15009C9375 /* PLCylinder.h */; };
		C3F1D95A112E0C15009C9375 /* PLCylinder.m in Sources */ = {isa = PBXBuildFile; fileRef = C3F1D93B112E0C15009C9375 /* PLCylinder.m */; };
		C3F1D95B112E0C15009C9375 /* PLEnums.h in Headers */ = {isa = PBXBuildFile; fileRef = C3F1D93C112E0C15009C9375 /* PLEnums.h */; };
		C3F1D95C112E0C15009C9375 /* PLImage.h in Headers */ = {isa = PBXBuildFile; fileRef = C3F1D93D112E0C15009C9375 /* PLImage.h */; };
		C3F1D95D112E0C15009C9375 /* PLImage.m in Sources */ = {isa = PBXBuildFile; fileRef = C3F1D93E112E0C15009C9375 /* PLImage.m */; };
		C3F1D95E112E0C15009C9375 /* PLMath.h in Headers */ = {isa = PBXBuildFile; fileRef = C3F1D93F112E0C15009C9375 /* PLMath.h */; };
		C3F1D95F112E0C15009C9375 /* PLMath.m in Sources */ = {isa = PBXBuildFile; fileRef = C3F1D940112E0C15009C9375 /* PLMath.m */; };
		C3F1D960112E0C15009C9375 /* PLObject.h in Headers */ = {isa = PBXBuildFile; fileRef = C3F1D941112E0C15009C9375 /* PLObject.h */; };
		C3F1D961112E0C15009C9375 /* PLObject.m in Sources */ = {isa = PBXBuildFile; fileRef = C3F1D942112E0C15009C9375 /* PLObject.m */; };
		C3F1D962112E0C15009C9375 /* PLRenderer.h in Headers */ = {isa = PBXBuildFile; fileRef = C3F1D943112E0C15009C9375 /* PLRenderer.h */; };
		C3F1D963112E0C15009C9375 /* PLRenderer.m in Sources */ = {isa = PBXBuildFile; fileRef = C3F1D944112E0C15009C9375 /* PLRenderer.m */; };
		C3F1D964112E0C15009C9375 /* PLScene.h in Headers */ = {isa = PBXBuildFile; fileRef = C3F1D945112E0C15009C9375 /* PLScene.h */; };
		C3F1D965112E0C15009C9375 /* PLScene.m in Sources */ = {isa = PBXBuildFile; fileRef = C3F1D946112E0C15009C9375 /* PLScene.m */; };
		C3F1D966112E0C15009C9375 /* PLSceneElement.h in Headers */ = {isa = PBXBuildFile; fileRef = C3F1D947112E0C15009C9375 /* PLSceneElement.h */; };
		C3F1D967112E0C15009C9375 /* PLSceneElement.m in Sources */ = {isa = PBXBuildFile; fileRef = C3F1D948112E0C15009C9375 /* PLSceneElement.m */; };
		C3F1D968112E0C15009C9375 /* PLSphere.h in Headers */ = {isa = PBXBuildFile; fileRef = C3F1D949112E0C15009C9375 /* PLSphere.h */; };
		C3F1D969112E0C15009C9375 /* PLSphere.m in Sources */ = {isa = PBXBuildFile; fileRef = C3F1D94A112E0C15009C9375 /* PLSphere.m */; };
		C3F1D96A112E0C15009C9375 /* PLStructs.h in Headers */ = {isa = PBXBuildFile; fileRef = C3F1D94B112E0C15009C9375 /* PLStructs.h */; };
		C3F1D96B112E0C15009C9375 /* PLTexture.h in Headers */ = {isa = PBXBuildFile; fileRef = C3F1D94C112E0C15009C9375 /* PLTexture.h */; };
		C3F1D96C112E0C15009C9375 /* PLTexture.m in Sources */ = {isa = PBXBuildFile; fileRef = C3F1D94D112E0C15009C9375 /* PLTexture.m */; };
		C3F1D96D112E0C15009C9375 /* PLUtils.h in Headers */ = {isa = PBXBuildFile; fileRef = C3F1D94E112E0C15009C9375 /* PLUtils.h */; };
		C3F1D96E112E0C15009C9375 /* PLUtils.m in Sources */ = {isa = PBXBuildFile; fileRef = C3F1D94F112E0C15009C9375 /* PLUtils.m */; };
		C3F1D96F112E0C15009C9375 /* PLView.h in Headers */ = {isa = PBXBuildFile; fileRef = C3F1D950112E0C15009C9375 /* PLView.h */; };
		C3F1D970112E0C15009C9375 /* PLView.m in Sources */ = {isa = PBXBuildFile; fileRef = C3F1D951112E0C15009C9375 /* PLView.m */; };
		C3F1D971112E0C15009C9375 /* PLViewBase.h in Headers */ = {isa = PBXBuildFile; fileRef = C3F1D952112E0C15009C9375 /* PLViewBase.h */; };
		C3F1D972112E0C15009C9375 /* PLViewBase.m in Sources */ = {isa = PBXBuildFile; fileRef = C3F1D953112E0C15009C9375 /* PLViewBase.m */; };
/* End PBXBuildFile section */

/* Begin PBXFileReference section */
		AA747D9E0F9514B9006C5449 /* PanoramaGL_Prefix.pch */ = {isa = PBXFileReference; fileEncoding = 4; lastKnownFileType = sourcecode.c.h; path = PanoramaGL_Prefix.pch; sourceTree = SOURCE_ROOT; };
		AACBBE490F95108600F1A2B1 /* Foundation.framework */ = {isa = PBXFileReference; lastKnownFileType = wrapper.framework; name = Foundation.framework; path = System/Library/Frameworks/Foundation.framework; sourceTree = SDKROOT; };
		C3966CD2117BBE0F007315C6 /* PLViewDelegate.h */ = {isa = PBXFileReference; fileEncoding = 4; lastKnownFileType = sourcecode.c.h; name = PLViewDelegate.h; path = Classes/PL/PLViewDelegate.h; sourceTree = "<group>"; };
		C3F1D6F7112E0209009C9375 /* glu.h */ = {isa = PBXFileReference; fileEncoding = 4; lastKnownFileType = sourcecode.c.h; name = glu.h; path = Classes/glues/glu.h; sourceTree = "<group>"; };
		C3F1D6F8112E0209009C9375 /* glues_error.c */ = {isa = PBXFileReference; fileEncoding = 4; lastKnownFileType = sourcecode.c.c; name = glues_error.c; path = Classes/glues/glues_error.c; sourceTree = "<group>"; };
		C3F1D6F9112E0209009C9375 /* glues_error.h */ = {isa = PBXFileReference; fileEncoding = 4; lastKnownFileType = sourcecode.c.h; name = glues_error.h; path = Classes/glues/glues_error.h; sourceTree = "<group>"; };
		C3F1D6FA112E0209009C9375 /* glues_mipmap.c */ = {isa = PBXFileReference; fileEncoding = 4; lastKnownFileType = sourcecode.c.c; name = glues_mipmap.c; path = Classes/glues/glues_mipmap.c; sourceTree = "<group>"; };
		C3F1D6FB112E0209009C9375 /* glues_mipmap.h */ = {isa = PBXFileReference; fileEncoding = 4; lastKnownFileType = sourcecode.c.h; name = glues_mipmap.h; path = Classes/glues/glues_mipmap.h; sourceTree = "<group>"; };
		C3F1D6FC112E0209009C9375 /* glues_project.c */ = {isa = PBXFileReference; fileEncoding = 4; lastKnownFileType = sourcecode.c.c; name = glues_project.c; path = Classes/glues/glues_project.c; sourceTree = "<group>"; };
		C3F1D6FD112E0209009C9375 /* glues_project.h */ = {isa = PBXFileReference; fileEncoding = 4; lastKnownFileType = sourcecode.c.h; name = glues_project.h; path = Classes/glues/glues_project.h; sourceTree = "<group>"; };
		C3F1D6FE112E0209009C9375 /* glues_quad.c */ = {isa = PBXFileReference; fileEncoding = 4; lastKnownFileType = sourcecode.c.c; name = glues_quad.c; path = Classes/glues/glues_quad.c; sourceTree = "<group>"; };
		C3F1D6FF112E0209009C9375 /* glues_quad.h */ = {isa = PBXFileReference; fileEncoding = 4; lastKnownFileType = sourcecode.c.h; name = glues_quad.h; path = Classes/glues/glues_quad.h; sourceTree = "<group>"; };
		C3F1D700112E0209009C9375 /* glues_registry.c */ = {isa = PBXFileReference; fileEncoding = 4; lastKnownFileType = sourcecode.c.c; name = glues_registry.c; path = Classes/glues/glues_registry.c; sourceTree = "<group>"; };
		C3F1D701112E0209009C9375 /* glues_registry.h */ = {isa = PBXFileReference; fileEncoding = 4; lastKnownFileType = sourcecode.c.h; name = glues_registry.h; path = Classes/glues/glues_registry.h; sourceTree = "<group>"; };
		C3F1D702112E0209009C9375 /* glues.h */ = {isa = PBXFileReference; fileEncoding = 4; lastKnownFileType = sourcecode.c.h; name = glues.h; path = Classes/glues/glues.h; sourceTree = "<group>"; };
		C3F1D710112E0226009C9375 /* alg-outline */ = {isa = PBXFileReference; fileEncoding = 4; lastKnownFileType = text; name = "alg-outline"; path = "Classes/glues/libtess/alg-outline"; sourceTree = "<group>"; };
		C3F1D711112E0226009C9375 /* dict-list.h */ = {isa = PBXFileReference; fileEncoding = 4; lastKnownFileType = sourcecode.c.h; name = "dict-list.h"; path = "Classes/glues/libtess/dict-list.h"; sourceTree = "<group>"; };
		C3F1D712112E0226009C9375 /* dict.c */ = {isa = PBXFileReference; fileEncoding = 4; lastKnownFileType = sourcecode.c.c; name = dict.c; path = Classes/glues/libtess/dict.c; sourceTree = "<group>"; };
		C3F1D713112E0226009C9375 /* dict.h */ = {isa = PBXFileReference; fileEncoding = 4; lastKnownFileType = sourcecode.c.h; name = dict.h; path = Classes/glues/libtess/dict.h; sourceTree = "<group>"; };
		C3F1D714112E0226009C9375 /* geom.c */ = {isa = PBXFileReference; fileEncoding = 4; lastKnownFileType = sourcecode.c.c; name = geom.c; path = Classes/glues/libtess/geom.c; sourceTree = "<group>"; };
		C3F1D715112E0226009C9375 /* geom.h */ = {isa = PBXFileReference; fileEncoding = 4; lastKnownFileType = sourcecode.c.h; name = geom.h; path = Classes/glues/libtess/geom.h; sourceTree = "<group>"; };
		C3F1D716112E0226009C9375 /* memalloc.c */ = {isa = PBXFileReference; fileEncoding = 4; lastKnownFileType = sourcecode.c.c; name = memalloc.c; path = Classes/glues/libtess/memalloc.c; sourceTree = "<group>"; };
		C3F1D717112E0226009C9375 /* memalloc.h */ = {isa = PBXFileReference; fileEncoding = 4; lastKnownFileType = sourcecode.c.h; name = memalloc.h; path = Classes/glues/libtess/memalloc.h; sourceTree = "<group>"; };
		C3F1D718112E0226009C9375 /* mesh.c */ = {isa = PBXFileReference; fileEncoding = 4; lastKnownFileType = sourcecode.c.c; name = mesh.c; path = Classes/glues/libtess/mesh.c; sourceTree = "<group>"; };
		C3F1D719112E0226009C9375 /* mesh.h */ = {isa = PBXFileReference; fileEncoding = 4; lastKnownFileType = sourcecode.c.h; name = mesh.h; path = Classes/glues/libtess/mesh.h; sourceTree = "<group>"; };
		C3F1D71A112E0226009C9375 /* normal.c */ = {isa = PBXFileReference; fileEncoding = 4; lastKnownFileType = sourcecode.c.c; name = normal.c; path = Classes/glues/libtess/normal.c; sourceTree = "<group>"; };
		C3F1D71B112E0226009C9375 /* normal.h */ = {isa = PBXFileReference; fileEncoding = 4; lastKnownFileType = sourcecode.c.h; name = normal.h; path = Classes/glues/libtess/normal.h; sourceTree = "<group>"; };
		C3F1D71C112E0226009C9375 /* priorityq-heap.h */ = {isa = PBXFileReference; fileEncoding = 4; lastKnownFileType = sourcecode.c.h; name = "priorityq-heap.h"; path = "Classes/glues/libtess/priorityq-heap.h"; sourceTree = "<group>"; };
		C3F1D71D112E0226009C9375 /* priorityq-heap.i */ = {isa = PBXFileReference; fileEncoding = 4; lastKnownFileType = sourcecode.c.c.preprocessed; name = "priorityq-heap.i"; path = "Classes/glues/libtess/priorityq-heap.i"; sourceTree = "<group>"; };
		C3F1D71E112E0226009C9375 /* priorityq-sort.h */ = {isa = PBXFileReference; fileEncoding = 4; lastKnownFileType = sourcecode.c.h; name = "priorityq-sort.h"; path = "Classes/glues/libtess/priorityq-sort.h"; sourceTree = "<group>"; };
		C3F1D71F112E0226009C9375 /* priorityq.c */ = {isa = PBXFileReference; fileEncoding = 4; lastKnownFileType = sourcecode.c.c; name = priorityq.c; path = Classes/glues/libtess/priorityq.c; sourceTree = "<group>"; };
		C3F1D720112E0226009C9375 /* priorityq.h */ = {isa = PBXFileReference; fileEncoding = 4; lastKnownFileType = sourcecode.c.h; name = priorityq.h; path = Classes/glues/libtess/priorityq.h; sourceTree = "<group>"; };
		C3F1D721112E0226009C9375 /* README */ = {isa = PBXFileReference; fileEncoding = 4; lastKnownFileType = text; name = README; path = Classes/glues/libtess/README; sourceTree = "<group>"; };
		C3F1D722112E0226009C9375 /* render.c */ = {isa = PBXFileReference; fileEncoding = 4; lastKnownFileType = sourcecode.c.c; name = render.c; path = Classes/glues/libtess/render.c; sourceTree = "<group>"; };
		C3F1D723112E0226009C9375 /* render.h */ = {isa = PBXFileReference; fileEncoding = 4; lastKnownFileType = sourcecode.c.h; name = render.h; path = Classes/glues/libtess/render.h; sourceTree = "<group>"; };
		C3F1D724112E0226009C9375 /* sweep.c */ = {isa = PBXFileReference; fileEncoding = 4; lastKnownFileType = sourcecode.c.c; name = sweep.c; path = Classes/glues/libtess/sweep.c; sourceTree = "<group>"; };
		C3F1D725112E0226009C9375 /* sweep.h */ = {isa = PBXFileReference; fileEncoding = 4; lastKnownFileType = sourcecode.c.h; name = sweep.h; path = Classes/glues/libtess/sweep.h; sourceTree = "<group>"; };
		C3F1D726112E0226009C9375 /* tess.c */ = {isa = PBXFileReference; fileEncoding = 4; lastKnownFileType = sourcecode.c.c; name = tess.c; path = Classes/glues/libtess/tess.c; sourceTree = "<group>"; };
		C3F1D727112E0226009C9375 /* tess.h */ = {isa = PBXFileReference; fileEncoding = 4; lastKnownFileType = sourcecode.c.h; name = tess.h; path = Classes/glues/libtess/tess.h; sourceTree = "<group>"; };
		C3F1D728112E0226009C9375 /* tessmono.c */ = {isa = PBXFileReference; fileEncoding = 4; lastKnownFileType = sourcecode.c.c; name = tessmono.c; path = Classes/glues/libtess/tessmono.c; sourceTree = "<group>"; };
		C3F1D729112E0226009C9375 /* tessmono.h */ = {isa = PBXFileReference; fileEncoding = 4; lastKnownFileType = sourcecode.c.h; name = tessmono.h; path = Classes/glues/libtess/tessmono.h; sourceTree = "<group>"; };
		C3F1D787112E0263009C9375 /* OpenGLES.framework */ = {isa = PBXFileReference; lastKnownFileType = wrapper.framework; name = OpenGLES.framework; path = System/Library/Frameworks/OpenGLES.framework; sourceTree = SDKROOT; };
		C3F1D789112E026A009C9375 /* QuartzCore.framework */ = {isa = PBXFileReference; lastKnownFileType = wrapper.framework; name = QuartzCore.framework; path = System/Library/Frameworks/QuartzCore.framework; sourceTree = SDKROOT; };
		C3F1D7B4112E02C7009C9375 /* CoreFoundation.framework */ = {isa = PBXFileReference; lastKnownFileType = wrapper.framework; name = CoreFoundation.framework; path = System/Library/Frameworks/CoreFoundation.framework; sourceTree = SDKROOT; };
		C3F1D7B6112E02EE009C9375 /* CoreGraphics.framework */ = {isa = PBXFileReference; lastKnownFileType = wrapper.framework; name = CoreGraphics.framework; path = System/Library/Frameworks/CoreGraphics.framework; sourceTree = SDKROOT; };
		C3F1D7B8112E02EE009C9375 /* CoreLocation.framework */ = {isa = PBXFileReference; lastKnownFileType = wrapper.framework; name = CoreLocation.framework; path = System/Library/Frameworks/CoreLocation.framework; sourceTree = SDKROOT; };
		C3F1D7CD112E0324009C9375 /* UIKit.framework */ = {isa = PBXFileReference; lastKnownFileType = wrapper.framework; name = UIKit.framework; path = System/Library/Frameworks/UIKit.framework; sourceTree = SDKROOT; };
		C3F1D935112E0C15009C9375 /* PLCamera.h */ = {isa = PBXFileReference; fileEncoding = 4; lastKnownFileType = sourcecode.c.h; name = PLCamera.h; path = Classes/PL/PLCamera.h; sourceTree = "<group>"; };
		C3F1D936112E0C15009C9375 /* PLCamera.m */ = {isa = PBXFileReference; fileEncoding = 4; lastKnownFileType = sourcecode.c.objc; name = PLCamera.m; path = Classes/PL/PLCamera.m; sourceTree = "<group>"; };
		C3F1D937112E0C15009C9375 /* PLConstants.h */ = {isa = PBXFileReference; fileEncoding = 4; lastKnownFileType = sourcecode.c.h; name = PLConstants.h; path = Classes/PL/PLConstants.h; sourceTree = "<group>"; };
		C3F1D938112E0C15009C9375 /* PLCube.h */ = {isa = PBXFileReference; fileEncoding = 4; lastKnownFileType = sourcecode.c.h; name = PLCube.h; path = Classes/PL/PLCube.h; sourceTree = "<group>"; };
		C3F1D939112E0C15009C9375 /* PLCube.m */ = {isa = PBXFileReference; fileEncoding = 4; lastKnownFileType = sourcecode.c.objc; name = PLCube.m; path = Classes/PL/PLCube.m; sourceTree = "<group>"; };
		C3F1D93A112E0C15009C9375 /* PLCylinder.h */ = {isa = PBXFileReference; fileEncoding = 4; lastKnownFileType = sourcecode.c.h; name = PLCylinder.h; path = Classes/PL/PLCylinder.h; sourceTree = "<group>"; };
		C3F1D93B112E0C15009C9375 /* PLCylinder.m */ = {isa = PBXFileReference; fileEncoding = 4; lastKnownFileType = sourcecode.c.objc; name = PLCylinder.m; path = Classes/PL/PLCylinder.m; sourceTree = "<group>"; };
		C3F1D93C112E0C15009C9375 /* PLEnums.h */ = {isa = PBXFileReference; fileEncoding = 4; lastKnownFileType = sourcecode.c.h; name = PLEnums.h; path = Classes/PL/PLEnums.h; sourceTree = "<group>"; };
		C3F1D93D112E0C15009C9375 /* PLImage.h */ = {isa = PBXFileReference; fileEncoding = 4; lastKnownFileType = sourcecode.c.h; name = PLImage.h; path = Classes/PL/PLImage.h; sourceTree = "<group>"; };
		C3F1D93E112E0C15009C9375 /* PLImage.m */ = {isa = PBXFileReference; fileEncoding = 4; lastKnownFileType = sourcecode.c.objc; name = PLImage.m; path = Classes/PL/PLImage.m; sourceTree = "<group>"; };
		C3F1D93F112E0C15009C9375 /* PLMath.h */ = {isa = PBXFileReference; fileEncoding = 4; lastKnownFileType = sourcecode.c.h; name = PLMath.h; path = Classes/PL/PLMath.h; sourceTree = "<group>"; };
		C3F1D940112E0C15009C9375 /* PLMath.m */ = {isa = PBXFileReference; fileEncoding = 4; lastKnownFileType = sourcecode.c.objc; name = PLMath.m; path = Classes/PL/PLMath.m; sourceTree = "<group>"; };
		C3F1D941112E0C15009C9375 /* PLObject.h */ = {isa = PBXFileReference; fileEncoding = 4; lastKnownFileType = sourcecode.c.h; name = PLObject.h; path = Classes/PL/PLObject.h; sourceTree = "<group>"; };
		C3F1D942112E0C15009C9375 /* PLObject.m */ = {isa = PBXFileReference; fileEncoding = 4; lastKnownFileType = sourcecode.c.objc; name = PLObject.m; path = Classes/PL/PLObject.m; sourceTree = "<group>"; };
		C3F1D943112E0C15009C9375 /* PLRenderer.h */ = {isa = PBXFileReference; fileEncoding = 4; lastKnownFileType = sourcecode.c.h; name = PLRenderer.h; path = Classes/PL/PLRenderer.h; sourceTree = "<group>"; };
		C3F1D944112E0C15009C9375 /* PLRenderer.m */ = {isa = PBXFileReference; fileEncoding = 4; lastKnownFileType = sourcecode.c.objc; name = PLRenderer.m; path = Classes/PL/PLRenderer.m; sourceTree = "<group>"; };
		C3F1D945112E0C15009C9375 /* PLScene.h */ = {isa = PBXFileReference; fileEncoding = 4; lastKnownFileType = sourcecode.c.h; name = PLScene.h; path = Classes/PL/PLScene.h; sourceTree = "<group>"; };
		C3F1D946112E0C15009C9375 /* PLScene.m */ = {isa = PBXFileReference; fileEncoding = 4; lastKnownFileType = sourcecode.c.objc; name = PLScene.m; path = Classes/PL/PLScene.m; sourceTree = "<group>"; };
		C3F1D947112E0C15009C9375 /* PLSceneElement.h */ = {isa = PBXFileReference; fileEncoding = 4; lastKnownFileType = sourcecode.c.h; name = PLSceneElement.h; path = Classes/PL/PLSceneElement.h; sourceTree = "<group>"; };
		C3F1D948112E0C15009C9375 /* PLSceneElement.m */ = {isa = PBXFileReference; fileEncoding = 4; lastKnownFileType = sourcecode.c.objc; name = PLSceneElement.m; path = Classes/PL/PLSceneElement.m; sourceTree = "<group>"; };
		C3F1D949112E0C15009C9375 /* PLSphere.h */ = {isa = PBXFileReference; fileEncoding = 4; lastKnownFileType = sourcecode.c.h; name = PLSphere.h; path = Classes/PL/PLSphere.h; sourceTree = "<group>"; };
		C3F1D94A112E0C15009C9375 /* PLSphere.m */ = {isa = PBXFileReference; fileEncoding = 4; lastKnownFileType = sourcecode.c.objc; name = PLSphere.m; path = Classes/PL/PLSphere.m; sourceTree = "<group>"; };
		C3F1D94B112E0C15009C9375 /* PLStructs.h */ = {isa = PBXFileReference; fileEncoding = 4; lastKnownFileType = sourcecode.c.h; name = PLStructs.h; path = Classes/PL/PLStructs.h; sourceTree = "<group>"; };
		C3F1D94C112E0C15009C9375 /* PLTexture.h */ = {isa = PBXFileReference; fileEncoding = 4; lastKnownFileType = sourcecode.c.h; name = PLTexture.h; path = Classes/PL/PLTexture.h; sourceTree = "<group>"; };
		C3F1D94D112E0C15009C9375 /* PLTexture.m */ = {isa = PBXFileReference; fileEncoding = 4; lastKnownFileType = sourcecode.c.objc; name = PLTexture.m; path = Classes/PL/PLTexture.m; sourceTree = "<group>"; };
		C3F1D94E112E0C15009C9375 /* PLUtils.h */ = {isa = PBXFileReference; fileEncoding = 4; lastKnownFileType = sourcecode.c.h; name = PLUtils.h; path = Classes/PL/PLUtils.h; sourceTree = "<group>"; };
		C3F1D94F112E0C15009C9375 /* PLUtils.m */ = {isa = PBXFileReference; fileEncoding = 4; lastKnownFileType = sourcecode.c.objc; name = PLUtils.m; path = Classes/PL/PLUtils.m; sourceTree = "<group>"; };
		C3F1D950112E0C15009C9375 /* PLView.h */ = {isa = PBXFileReference; fileEncoding = 4; lastKnownFileType = sourcecode.c.h; name = PLView.h; path = Classes/PL/PLView.h; sourceTree = "<group>"; };
		C3F1D951112E0C15009C9375 /* PLView.m */ = {isa = PBXFileReference; fileEncoding = 4; lastKnownFileType = sourcecode.c.objc; name = PLView.m; path = Classes/PL/PLView.m; sourceTree = "<group>"; };
		C3F1D952112E0C15009C9375 /* PLViewBase.h */ = {isa = PBXFileReference; fileEncoding = 4; lastKnownFileType = sourcecode.c.h; name = PLViewBase.h; path = Classes/PL/PLViewBase.h; sourceTree = "<group>"; };
		C3F1D953112E0C15009C9375 /* PLViewBase.m */ = {isa = PBXFileReference; fileEncoding = 4; lastKnownFileType = sourcecode.c.objc; name = PLViewBase.m; path = Classes/PL/PLViewBase.m; sourceTree = "<group>"; };
		C3F1D9A1112E1D70009C9375 /* AUTHOR */ = {isa = PBXFileReference; fileEncoding = 4; lastKnownFileType = text; path = AUTHOR; sourceTree = "<group>"; };
		C3F1D9A2112E1D70009C9375 /* COPYING */ = {isa = PBXFileReference; fileEncoding = 4; lastKnownFileType = text; path = COPYING; sourceTree = "<group>"; };
		C3F1D9A3112E1D70009C9375 /* README */ = {isa = PBXFileReference; fileEncoding = 4; lastKnownFileType = text; path = README; sourceTree = "<group>"; };
		C3F1D9A4112E1D70009C9375 /* TODO */ = {isa = PBXFileReference; fileEncoding = 4; lastKnownFileType = text; path = TODO; sourceTree = "<group>"; };
		D2AAC07E0554694100DB518D /* libPanoramaGL.a */ = {isa = PBXFileReference; explicitFileType = archive.ar; includeInIndex = 0; path = libPanoramaGL.a; sourceTree = BUILT_PRODUCTS_DIR; };
/* End PBXFileReference section */

/* Begin PBXFrameworksBuildPhase section */
		D2AAC07C0554694100DB518D /* Frameworks */ = {
			isa = PBXFrameworksBuildPhase;
			buildActionMask = 2147483647;
			files = (
				AACBBE4A0F95108600F1A2B1 /* Foundation.framework in Frameworks */,
				C3F1D7B7112E02EE009C9375 /* CoreGraphics.framework in Frameworks */,
				C3F1D7B9112E02EE009C9375 /* CoreLocation.framework in Frameworks */,
				C3F1D7BA112E02EE009C9375 /* OpenGLES.framework in Frameworks */,
				C3F1D7BB112E02EE009C9375 /* QuartzCore.framework in Frameworks */,
				C3F1D7CE112E0324009C9375 /* UIKit.framework in Frameworks */,
			);
			runOnlyForDeploymentPostprocessing = 0;
		};
/* End PBXFrameworksBuildPhase section */

/* Begin PBXGroup section */
		034768DFFF38A50411DB9C8B /* Products */ = {
			isa = PBXGroup;
			children = (
				D2AAC07E0554694100DB518D /* libPanoramaGL.a */,
			);
			name = Products;
			sourceTree = "<group>";
		};
		0867D691FE84028FC02AAC07 /* PanoramaGL */ = {
			isa = PBXGroup;
			children = (
				C3F1D9A1112E1D70009C9375 /* AUTHOR */,
				C3F1D9A2112E1D70009C9375 /* COPYING */,
				C3F1D9A3112E1D70009C9375 /* README */,
				C3F1D9A4112E1D70009C9375 /* TODO */,
				08FB77AEFE84172EC02AAC07 /* Classes */,
				32C88DFF0371C24200C91783 /* Other Sources */,
				0867D69AFE84028FC02AAC07 /* Frameworks */,
				034768DFFF38A50411DB9C8B /* Products */,
			);
			name = PanoramaGL;
			sourceTree = "<group>";
		};
		0867D69AFE84028FC02AAC07 /* Frameworks */ = {
			isa = PBXGroup;
			children = (
				AACBBE490F95108600F1A2B1 /* Foundation.framework */,
				C3F1D787112E0263009C9375 /* OpenGLES.framework */,
				C3F1D789112E026A009C9375 /* QuartzCore.framework */,
				C3F1D7B4112E02C7009C9375 /* CoreFoundation.framework */,
				C3F1D7B6112E02EE009C9375 /* CoreGraphics.framework */,
				C3F1D7B8112E02EE009C9375 /* CoreLocation.framework */,
				C3F1D7CD112E0324009C9375 /* UIKit.framework */,
			);
			name = Frameworks;
			sourceTree = "<group>";
		};
		08FB77AEFE84172EC02AAC07 /* Classes */ = {
			isa = PBXGroup;
			children = (
				C3F1D6F6112E01FA009C9375 /* glues */,
				C3F1D934112E0BF6009C9375 /* PL */,
			);
			name = Classes;
			sourceTree = "<group>";
		};
		32C88DFF0371C24200C91783 /* Other Sources */ = {
			isa = PBXGroup;
			children = (
				AA747D9E0F9514B9006C5449 /* PanoramaGL_Prefix.pch */,
			);
			name = "Other Sources";
			sourceTree = "<group>";
		};
		C3F1D6F6112E01FA009C9375 /* glues */ = {
			isa = PBXGroup;
			children = (
				C3F1D70F112E0211009C9375 /* libtess */,
				C3F1D6F7112E0209009C9375 /* glu.h */,
				C3F1D6F8112E0209009C9375 /* glues_error.c */,
				C3F1D6F9112E0209009C9375 /* glues_error.h */,
				C3F1D6FA112E0209009C9375 /* glues_mipmap.c */,
				C3F1D6FB112E0209009C9375 /* glues_mipmap.h */,
				C3F1D6FC112E0209009C9375 /* glues_project.c */,
				C3F1D6FD112E0209009C9375 /* glues_project.h */,
				C3F1D6FE112E0209009C9375 /* glues_quad.c */,
				C3F1D6FF112E0209009C9375 /* glues_quad.h */,
				C3F1D700112E0209009C9375 /* glues_registry.c */,
				C3F1D701112E0209009C9375 /* glues_registry.h */,
				C3F1D702112E0209009C9375 /* glues.h */,
			);
			name = glues;
			sourceTree = "<group>";
		};
		C3F1D70F112E0211009C9375 /* libtess */ = {
			isa = PBXGroup;
			children = (
				C3F1D710112E0226009C9375 /* alg-outline */,
				C3F1D711112E0226009C9375 /* dict-list.h */,
				C3F1D712112E0226009C9375 /* dict.c */,
				C3F1D713112E0226009C9375 /* dict.h */,
				C3F1D714112E0226009C9375 /* geom.c */,
				C3F1D715112E0226009C9375 /* geom.h */,
				C3F1D716112E0226009C9375 /* memalloc.c */,
				C3F1D717112E0226009C9375 /* memalloc.h */,
				C3F1D718112E0226009C9375 /* mesh.c */,
				C3F1D719112E0226009C9375 /* mesh.h */,
				C3F1D71A112E0226009C9375 /* normal.c */,
				C3F1D71B112E0226009C9375 /* normal.h */,
				C3F1D71C112E0226009C9375 /* priorityq-heap.h */,
				C3F1D71D112E0226009C9375 /* priorityq-heap.i */,
				C3F1D71E112E0226009C9375 /* priorityq-sort.h */,
				C3F1D71F112E0226009C9375 /* priorityq.c */,
				C3F1D720112E0226009C9375 /* priorityq.h */,
				C3F1D721112E0226009C9375 /* README */,
				C3F1D722112E0226009C9375 /* render.c */,
				C3F1D723112E0226009C9375 /* render.h */,
				C3F1D724112E0226009C9375 /* sweep.c */,
				C3F1D725112E0226009C9375 /* sweep.h */,
				C3F1D726112E0226009C9375 /* tess.c */,
				C3F1D727112E0226009C9375 /* tess.h */,
				C3F1D728112E0226009C9375 /* tessmono.c */,
				C3F1D729112E0226009C9375 /* tessmono.h */,
			);
			name = libtess;
			sourceTree = "<group>";
		};
		C3F1D934112E0BF6009C9375 /* PL */ = {
			isa = PBXGroup;
			children = (
				C3F1D935112E0C15009C9375 /* PLCamera.h */,
				C3F1D936112E0C15009C9375 /* PLCamera.m */,
				C3F1D937112E0C15009C9375 /* PLConstants.h */,
				C3F1D938112E0C15009C9375 /* PLCube.h */,
				C3F1D939112E0C15009C9375 /* PLCube.m */,
				C3F1D93A112E0C15009C9375 /* PLCylinder.h */,
				C3F1D93B112E0C15009C9375 /* PLCylinder.m */,
				C3F1D93C112E0C15009C9375 /* PLEnums.h */,
				C3F1D93D112E0C15009C9375 /* PLImage.h */,
				C3F1D93E112E0C15009C9375 /* PLImage.m */,
				C3F1D93F112E0C15009C9375 /* PLMath.h */,
				C3F1D940112E0C15009C9375 /* PLMath.m */,
				C3F1D941112E0C15009C9375 /* PLObject.h */,
				C3F1D942112E0C15009C9375 /* PLObject.m */,
				C3F1D943112E0C15009C9375 /* PLRenderer.h */,
				C3F1D944112E0C15009C9375 /* PLRenderer.m */,
				C3F1D945112E0C15009C9375 /* PLScene.h */,
				C3F1D946112E0C15009C9375 /* PLScene.m */,
				C3F1D947112E0C15009C9375 /* PLSceneElement.h */,
				C3F1D948112E0C15009C9375 /* PLSceneElement.m */,
				C3F1D949112E0C15009C9375 /* PLSphere.h */,
				C3F1D94A112E0C15009C9375 /* PLSphere.m */,
				C3F1D94B112E0C15009C9375 /* PLStructs.h */,
				C3F1D94C112E0C15009C9375 /* PLTexture.h */,
				C3F1D94D112E0C15009C9375 /* PLTexture.m */,
				C3F1D94E112E0C15009C9375 /* PLUtils.h */,
				C3F1D94F112E0C15009C9375 /* PLUtils.m */,
				C3F1D950112E0C15009C9375 /* PLView.h */,
				C3F1D951112E0C15009C9375 /* PLView.m */,
				C3F1D952112E0C15009C9375 /* PLViewBase.h */,
				C3F1D953112E0C15009C9375 /* PLViewBase.m */,
				C3966CD2117BBE0F007315C6 /* PLViewDelegate.h */,
			);
			name = PL;
			sourceTree = "<group>";
		};
/* End PBXGroup section */

/* Begin PBXHeadersBuildPhase section */
		D2AAC07A0554694100DB518D /* Headers */ = {
			isa = PBXHeadersBuildPhase;
			buildActionMask = 2147483647;
			files = (
				AA747D9F0F9514B9006C5449 /* PanoramaGL_Prefix.pch in Headers */,
				C3F1D703112E0209009C9375 /* glu.h in Headers */,
				C3F1D705112E0209009C9375 /* glues_error.h in Headers */,
				C3F1D707112E0209009C9375 /* glues_mipmap.h in Headers */,
				C3F1D709112E0209009C9375 /* glues_project.h in Headers */,
				C3F1D70B112E0209009C9375 /* glues_quad.h in Headers */,
				C3F1D70D112E0209009C9375 /* glues_registry.h in Headers */,
				C3F1D70E112E0209009C9375 /* glues.h in Headers */,
				C3F1D72A112E0226009C9375 /* dict-list.h in Headers */,
				C3F1D72C112E0226009C9375 /* dict.h in Headers */,
				C3F1D72E112E0226009C9375 /* geom.h in Headers */,
				C3F1D730112E0226009C9375 /* memalloc.h in Headers */,
				C3F1D732112E0226009C9375 /* mesh.h in Headers */,
				C3F1D734112E0226009C9375 /* normal.h in Headers */,
				C3F1D735112E0226009C9375 /* priorityq-heap.h in Headers */,
				C3F1D737112E0226009C9375 /* priorityq-sort.h in Headers */,
				C3F1D739112E0226009C9375 /* priorityq.h in Headers */,
				C3F1D73B112E0226009C9375 /* render.h in Headers */,
				C3F1D73D112E0226009C9375 /* sweep.h in Headers */,
				C3F1D73F112E0226009C9375 /* tess.h in Headers */,
				C3F1D741112E0226009C9375 /* tessmono.h in Headers */,
				C3F1D954112E0C15009C9375 /* PLCamera.h in Headers */,
				C3F1D956112E0C15009C9375 /* PLConstants.h in Headers */,
				C3F1D957112E0C15009C9375 /* PLCube.h in Headers */,
				C3F1D959112E0C15009C9375 /* PLCylinder.h in Headers */,
				C3F1D95B112E0C15009C9375 /* PLEnums.h in Headers */,
				C3F1D95C112E0C15009C9375 /* PLImage.h in Headers */,
				C3F1D95E112E0C15009C9375 /* PLMath.h in Headers */,
				C3F1D960112E0C15009C9375 /* PLObject.h in Headers */,
				C3F1D962112E0C15009C9375 /* PLRenderer.h in Headers */,
				C3F1D964112E0C15009C9375 /* PLScene.h in Headers */,
				C3F1D966112E0C15009C9375 /* PLSceneElement.h in Headers */,
				C3F1D968112E0C15009C9375 /* PLSphere.h in Headers */,
				C3F1D96A112E0C15009C9375 /* PLStructs.h in Headers */,
				C3F1D96B112E0C15009C9375 /* PLTexture.h in Headers */,
				C3F1D96D112E0C15009C9375 /* PLUtils.h in Headers */,
				C3F1D96F112E0C15009C9375 /* PLView.h in Headers */,
				C3F1D971112E0C15009C9375 /* PLViewBase.h in Headers */,
				C3966CD3117BBE0F007315C6 /* PLViewDelegate.h in Headers */,
			);
			runOnlyForDeploymentPostprocessing = 0;
		};
/* End PBXHeadersBuildPhase section */

/* Begin PBXNativeTarget section */
		D2AAC07D0554694100DB518D /* PanoramaGL */ = {
			isa = PBXNativeTarget;
			buildConfigurationList = 1DEB921E08733DC00010E9CD /* Build configuration list for PBXNativeTarget "PanoramaGL" */;
			buildPhases = (
				D2AAC07A0554694100DB518D /* Headers */,
				D2AAC07B0554694100DB518D /* Sources */,
				D2AAC07C0554694100DB518D /* Frameworks */,
			);
			buildRules = (
			);
			dependencies = (
			);
			name = PanoramaGL;
			productName = PanoramaGL;
			productReference = D2AAC07E0554694100DB518D /* libPanoramaGL.a */;
			productType = "com.apple.product-type.library.static";
		};
/* End PBXNativeTarget section */

/* Begin PBXProject section */
		0867D690FE84028FC02AAC07 /* Project object */ = {
			isa = PBXProject;
			buildConfigurationList = 1DEB922208733DC00010E9CD /* Build configuration list for PBXProject "PanoramaGL" */;
			compatibilityVersion = "Xcode 3.1";
			hasScannedForEncodings = 1;
			mainGroup = 0867D691FE84028FC02AAC07 /* PanoramaGL */;
			productRefGroup = 034768DFFF38A50411DB9C8B /* Products */;
			projectDirPath = "";
			projectRoot = "";
			targets = (
				D2AAC07D0554694100DB518D /* PanoramaGL */,
			);
		};
/* End PBXProject section */

/* Begin PBXSourcesBuildPhase section */
		D2AAC07B0554694100DB518D /* Sources */ = {
			isa = PBXSourcesBuildPhase;
			buildActionMask = 2147483647;
			files = (
				C3F1D704112E0209009C9375 /* glues_error.c in Sources */,
				C3F1D706112E0209009C9375 /* glues_mipmap.c in Sources */,
				C3F1D708112E0209009C9375 /* glues_project.c in Sources */,
				C3F1D70A112E0209009C9375 /* glues_quad.c in Sources */,
				C3F1D70C112E0209009C9375 /* glues_registry.c in Sources */,
				C3F1D72B112E0226009C9375 /* dict.c in Sources */,
				C3F1D72D112E0226009C9375 /* geom.c in Sources */,
				C3F1D72F112E0226009C9375 /* memalloc.c in Sources */,
				C3F1D731112E0226009C9375 /* mesh.c in Sources */,
				C3F1D733112E0226009C9375 /* normal.c in Sources */,
				C3F1D736112E0226009C9375 /* priorityq-heap.i in Sources */,
				C3F1D738112E0226009C9375 /* priorityq.c in Sources */,
				C3F1D73A112E0226009C9375 /* render.c in Sources */,
				C3F1D73C112E0226009C9375 /* sweep.c in Sources */,
				C3F1D73E112E0226009C9375 /* tess.c in Sources */,
				C3F1D740112E0226009C9375 /* tessmono.c in Sources */,
				C3F1D955112E0C15009C9375 /* PLCamera.m in Sources */,
				C3F1D958112E0C15009C9375 /* PLCube.m in Sources */,
				C3F1D95A112E0C15009C9375 /* PLCylinder.m in Sources */,
				C3F1D95D112E0C15009C9375 /* PLImage.m in Sources */,
				C3F1D95F112E0C15009C9375 /* PLMath.m in Sources */,
				C3F1D961112E0C15009C9375 /* PLObject.m in Sources */,
				C3F1D963112E0C15009C9375 /* PLRenderer.m in Sources */,
				C3F1D965112E0C15009C9375 /* PLScene.m in Sources */,
				C3F1D967112E0C15009C9375 /* PLSceneElement.m in Sources */,
				C3F1D969112E0C15009C9375 /* PLSphere.m in Sources */,
				C3F1D96C112E0C15009C9375 /* PLTexture.m in Sources */,
				C3F1D96E112E0C15009C9375 /* PLUtils.m in Sources */,
				C3F1D970112E0C15009C9375 /* PLView.m in Sources */,
				C3F1D972112E0C15009C9375 /* PLViewBase.m in Sources */,
			);
			runOnlyForDeploymentPostprocessing = 0;
		};
/* End PBXSourcesBuildPhase section */

/* Begin XCBuildConfiguration section */
		1DEB921F08733DC00010E9CD /* Debug */ = {
			isa = XCBuildConfiguration;
			buildSettings = {
				ALWAYS_SEARCH_USER_PATHS = NO;
				ARCHS = "$(ARCHS_STANDARD_32_BIT)";
				CODE_SIGN_IDENTITY = "Don't Code Sign";
				COPY_PHASE_STRIP = NO;
				DSTROOT = /tmp/PanoramaGL.dst;
				GCC_DYNAMIC_NO_PIC = NO;
				GCC_ENABLE_FIX_AND_CONTINUE = NO;
				GCC_MODEL_TUNING = G5;
				GCC_OPTIMIZATION_LEVEL = 0;
				GCC_PRECOMPILE_PREFIX_HEADER = YES;
				GCC_PREFIX_HEADER = PanoramaGL_Prefix.pch;
				INFOPLIST_OUTPUT_FORMAT = "same-as-input";
				INSTALL_PATH = /usr/local/lib;
				MACOSX_DEPLOYMENT_TARGET = "";
				OTHER_CFLAGS = (
					"-O",
					"-Wuninitialized",
				);
				PLIST_FILE_OUTPUT_FORMAT = "same-as-input";
				PRODUCT_NAME = PanoramaGL;
				SDKROOT = iphonesimulator3.0;
				SKIP_INSTALL = YES;
				STRINGS_FILE_OUTPUT_ENCODING = "UTF-16";
				VALID_ARCHS = "i386 ppc ppc64 ppc7400 ppc970 x86_64";
			};
			name = Debug;
		};
		1DEB922008733DC00010E9CD /* Release */ = {
			isa = XCBuildConfiguration;
			buildSettings = {
				ALWAYS_SEARCH_USER_PATHS = NO;
				ARCHS = "$(ARCHS_STANDARD_32_BIT)";
				DSTROOT = /tmp/PanoramaGL.dst;
				GCC_MODEL_TUNING = G5;
				GCC_PRECOMPILE_PREFIX_HEADER = YES;
				GCC_PREFIX_HEADER = PanoramaGL_Prefix.pch;
				INSTALL_PATH = /usr/local/lib;
				PRODUCT_NAME = PanoramaGL;
			};
			name = Release;
		};
		1DEB922308733DC00010E9CD /* Debug */ = {
			isa = XCBuildConfiguration;
			buildSettings = {
				ARCHS = "$(ARCHS_STANDARD_32_BIT)";
				GCC_C_LANGUAGE_STANDARD = c99;
				GCC_OPTIMIZATION_LEVEL = 0;
				GCC_WARN_ABOUT_RETURN_TYPE = YES;
				GCC_WARN_UNUSED_VARIABLE = YES;
				OTHER_LDFLAGS = "-ObjC";
				PREBINDING = NO;
				SDKROOT = iphoneos3.1.2;
			};
			name = Debug;
		};
		1DEB922408733DC00010E9CD /* Release */ = {
			isa = XCBuildConfiguration;
			buildSettings = {
				ARCHS = "$(ARCHS_STANDARD_32_BIT)";
				GCC_C_LANGUAGE_STANDARD = c99;
				GCC_WARN_ABOUT_RETURN_TYPE = YES;
				GCC_WARN_UNUSED_VARIABLE = YES;
				OTHER_LDFLAGS = "-ObjC";
				PREBINDING = NO;
				SDKROOT = iphoneos3.1.2;
			};
			name = Release;
		};
/* End XCBuildConfiguration section */

/* Begin XCConfigurationList section */
		1DEB921E08733DC00010E9CD /* Build configuration list for PBXNativeTarget "PanoramaGL" */ = {
			isa = XCConfigurationList;
			buildConfigurations = (
				1DEB921F08733DC00010E9CD /* Debug */,
				1DEB922008733DC00010E9CD /* Release */,
			);
			defaultConfigurationIsVisible = 0;
			defaultConfigurationName = Release;
		};
		1DEB922208733DC00010E9CD /* Build configuration list for PBXProject "PanoramaGL" */ = {
			isa = XCConfigurationList;
			buildConfigurations = (
				1DEB922308733DC00010E9CD /* Debug */,
				1DEB922408733DC00010E9CD /* Release */,
			);
			defaultConfigurationIsVisible = 0;
			defaultConfigurationName = Release;
		};
/* End XCConfigurationList section */
	};
	rootObject = 0867D690FE84028FC02AAC07 /* Project object */;
}
